// !$*UTF8*$!
{
	archiveVersion = 1;
	classes = {
	};
	objectVersion = 46;
	objects = {

/* Begin PBXBuildFile section */
		7AF6AB0F5046B9DF683EF123 /* Pods_Chat.framework in Frameworks */ = {isa = PBXBuildFile; fileRef = 8CF3A384699FC72D7923A925 /* Pods_Chat.framework */; };
		E132DFF51E9A5F4600BD1E14 /* Utils.swift in Sources */ = {isa = PBXBuildFile; fileRef = E132DFF41E9A5F4600BD1E14 /* Utils.swift */; };
		E132DFF71E9A657200BD1E14 /* AuthManager.swift in Sources */ = {isa = PBXBuildFile; fileRef = E132DFF61E9A657200BD1E14 /* AuthManager.swift */; };
		E14225671EA27DBC0003257B /* ImageVC.swift in Sources */ = {isa = PBXBuildFile; fileRef = E14225661EA27DBC0003257B /* ImageVC.swift */; };
		E15F0A601E9E63DB00E19E7C /* ProfileVC.swift in Sources */ = {isa = PBXBuildFile; fileRef = E15F0A5F1E9E63DB00E19E7C /* ProfileVC.swift */; };
		E15F0A661E9E7D8300E19E7C /* ContactCell.swift in Sources */ = {isa = PBXBuildFile; fileRef = E15F0A651E9E7D8300E19E7C /* ContactCell.swift */; };
		E15F0A681E9EB89700E19E7C /* MSMessage.swift in Sources */ = {isa = PBXBuildFile; fileRef = E15F0A671E9EB89700E19E7C /* MSMessage.swift */; };
		E18A128C1E9AA1BF00FD25AD /* DBManager.swift in Sources */ = {isa = PBXBuildFile; fileRef = E18A128B1E9AA1BF00FD25AD /* DBManager.swift */; };
		E18A128E1E9AAE7D00FD25AD /* Contact.swift in Sources */ = {isa = PBXBuildFile; fileRef = E18A128D1E9AAE7D00FD25AD /* Contact.swift */; };
		E1CD500D1E99043D006FB0CE /* AppDelegate.swift in Sources */ = {isa = PBXBuildFile; fileRef = E1CD500C1E99043D006FB0CE /* AppDelegate.swift */; };
		E1CD50121E99043D006FB0CE /* Main.storyboard in Resources */ = {isa = PBXBuildFile; fileRef = E1CD50101E99043D006FB0CE /* Main.storyboard */; };
		E1CD50141E99043D006FB0CE /* Assets.xcassets in Resources */ = {isa = PBXBuildFile; fileRef = E1CD50131E99043D006FB0CE /* Assets.xcassets */; };
		E1CD50171E99043D006FB0CE /* LaunchScreen.storyboard in Resources */ = {isa = PBXBuildFile; fileRef = E1CD50151E99043D006FB0CE /* LaunchScreen.storyboard */; };
		E1CD50211E9907DF006FB0CE /* GoogleService-Info.plist in Resources */ = {isa = PBXBuildFile; fileRef = E1CD50201E9907DF006FB0CE /* GoogleService-Info.plist */; };
		E1E06EAA1E9B75A100D4C2B6 /* ChatVC.swift in Sources */ = {isa = PBXBuildFile; fileRef = E1E06EA91E9B75A100D4C2B6 /* ChatVC.swift */; };
		E1E06EAC1E9B860300D4C2B6 /* MSActionSheet.swift in Sources */ = {isa = PBXBuildFile; fileRef = E1E06EAB1E9B860300D4C2B6 /* MSActionSheet.swift */; };
		E1EEE4301E9A268100BCCD6B /* SignInVC.swift in Sources */ = {isa = PBXBuildFile; fileRef = E1EEE42F1E9A268100BCCD6B /* SignInVC.swift */; };
		E1EEE4321E9A2B6200BCCD6B /* ContactsVC.swift in Sources */ = {isa = PBXBuildFile; fileRef = E1EEE4311E9A2B6200BCCD6B /* ContactsVC.swift */; };
		E1EEE4341E9A2BD900BCCD6B /* Constants.swift in Sources */ = {isa = PBXBuildFile; fileRef = E1EEE4331E9A2BD900BCCD6B /* Constants.swift */; };
		E1FA86841E9CED4B004BEA67 /* MessagesManager.swift in Sources */ = {isa = PBXBuildFile; fileRef = E1FA86831E9CED4B004BEA67 /* MessagesManager.swift */; };
		E1FA86861E9D2C0A004BEA67 /* SettingsVC.swift in Sources */ = {isa = PBXBuildFile; fileRef = E1FA86851E9D2C0A004BEA67 /* SettingsVC.swift */; };
/* End PBXBuildFile section */

/* Begin PBXFileReference section */
		8CF3A384699FC72D7923A925 /* Pods_Chat.framework */ = {isa = PBXFileReference; explicitFileType = wrapper.framework; includeInIndex = 0; path = Pods_Chat.framework; sourceTree = BUILT_PRODUCTS_DIR; };
		C71E1CC169AE460D24F61B18 /* Pods-Chat.release.xcconfig */ = {isa = PBXFileReference; includeInIndex = 1; lastKnownFileType = text.xcconfig; name = "Pods-Chat.release.xcconfig"; path = "Pods/Target Support Files/Pods-Chat/Pods-Chat.release.xcconfig"; sourceTree = "<group>"; };
		E132DFF41E9A5F4600BD1E14 /* Utils.swift */ = {isa = PBXFileReference; fileEncoding = 4; lastKnownFileType = sourcecode.swift; path = Utils.swift; sourceTree = "<group>"; };
		E132DFF61E9A657200BD1E14 /* AuthManager.swift */ = {isa = PBXFileReference; fileEncoding = 4; lastKnownFileType = sourcecode.swift; path = AuthManager.swift; sourceTree = "<group>"; };
		E14225661EA27DBC0003257B /* ImageVC.swift */ = {isa = PBXFileReference; fileEncoding = 4; lastKnownFileType = sourcecode.swift; path = ImageVC.swift; sourceTree = "<group>"; };
		E15F0A5F1E9E63DB00E19E7C /* ProfileVC.swift */ = {isa = PBXFileReference; fileEncoding = 4; lastKnownFileType = sourcecode.swift; path = ProfileVC.swift; sourceTree = "<group>"; };
		E15F0A651E9E7D8300E19E7C /* ContactCell.swift */ = {isa = PBXFileReference; fileEncoding = 4; lastKnownFileType = sourcecode.swift; path = ContactCell.swift; sourceTree = "<group>"; };
		E15F0A671E9EB89700E19E7C /* MSMessage.swift */ = {isa = PBXFileReference; fileEncoding = 4; lastKnownFileType = sourcecode.swift; path = MSMessage.swift; sourceTree = "<group>"; };
		E18A128B1E9AA1BF00FD25AD /* DBManager.swift */ = {isa = PBXFileReference; fileEncoding = 4; lastKnownFileType = sourcecode.swift; path = DBManager.swift; sourceTree = "<group>"; };
		E18A128D1E9AAE7D00FD25AD /* Contact.swift */ = {isa = PBXFileReference; fileEncoding = 4; lastKnownFileType = sourcecode.swift; path = Contact.swift; sourceTree = "<group>"; };
		E1CD50091E99043D006FB0CE /* Chat.app */ = {isa = PBXFileReference; explicitFileType = wrapper.application; includeInIndex = 0; path = Chat.app; sourceTree = BUILT_PRODUCTS_DIR; };
		E1CD500C1E99043D006FB0CE /* AppDelegate.swift */ = {isa = PBXFileReference; lastKnownFileType = sourcecode.swift; path = AppDelegate.swift; sourceTree = "<group>"; };
		E1CD50111E99043D006FB0CE /* Base */ = {isa = PBXFileReference; lastKnownFileType = file.storyboard; name = Base; path = Base.lproj/Main.storyboard; sourceTree = "<group>"; };
		E1CD50131E99043D006FB0CE /* Assets.xcassets */ = {isa = PBXFileReference; lastKnownFileType = folder.assetcatalog; path = Assets.xcassets; sourceTree = "<group>"; };
		E1CD50161E99043D006FB0CE /* Base */ = {isa = PBXFileReference; lastKnownFileType = file.storyboard; name = Base; path = Base.lproj/LaunchScreen.storyboard; sourceTree = "<group>"; };
		E1CD50181E99043D006FB0CE /* Info.plist */ = {isa = PBXFileReference; lastKnownFileType = text.plist.xml; path = Info.plist; sourceTree = "<group>"; };
		E1CD50201E9907DF006FB0CE /* GoogleService-Info.plist */ = {isa = PBXFileReference; fileEncoding = 4; lastKnownFileType = text.plist.xml; path = "GoogleService-Info.plist"; sourceTree = "<group>"; };
		E1E06EA91E9B75A100D4C2B6 /* ChatVC.swift */ = {isa = PBXFileReference; fileEncoding = 4; lastKnownFileType = sourcecode.swift; path = ChatVC.swift; sourceTree = "<group>"; };
		E1E06EAB1E9B860300D4C2B6 /* MSActionSheet.swift */ = {isa = PBXFileReference; fileEncoding = 4; lastKnownFileType = sourcecode.swift; path = MSActionSheet.swift; sourceTree = "<group>"; };
		E1EEE42F1E9A268100BCCD6B /* SignInVC.swift */ = {isa = PBXFileReference; fileEncoding = 4; lastKnownFileType = sourcecode.swift; path = SignInVC.swift; sourceTree = "<group>"; };
		E1EEE4311E9A2B6200BCCD6B /* ContactsVC.swift */ = {isa = PBXFileReference; fileEncoding = 4; lastKnownFileType = sourcecode.swift; path = ContactsVC.swift; sourceTree = "<group>"; };
		E1EEE4331E9A2BD900BCCD6B /* Constants.swift */ = {isa = PBXFileReference; fileEncoding = 4; lastKnownFileType = sourcecode.swift; path = Constants.swift; sourceTree = "<group>"; };
		E1FA86831E9CED4B004BEA67 /* MessagesManager.swift */ = {isa = PBXFileReference; fileEncoding = 4; lastKnownFileType = sourcecode.swift; path = MessagesManager.swift; sourceTree = "<group>"; };
		E1FA86851E9D2C0A004BEA67 /* SettingsVC.swift */ = {isa = PBXFileReference; fileEncoding = 4; lastKnownFileType = sourcecode.swift; path = SettingsVC.swift; sourceTree = "<group>"; };
		E2A9B4EA9BEFB83D365D5EAE /* Pods-Chat.debug.xcconfig */ = {isa = PBXFileReference; includeInIndex = 1; lastKnownFileType = text.xcconfig; name = "Pods-Chat.debug.xcconfig"; path = "Pods/Target Support Files/Pods-Chat/Pods-Chat.debug.xcconfig"; sourceTree = "<group>"; };
/* End PBXFileReference section */

/* Begin PBXFrameworksBuildPhase section */
		E1CD50061E99043D006FB0CE /* Frameworks */ = {
			isa = PBXFrameworksBuildPhase;
			buildActionMask = 2147483647;
			files = (
				7AF6AB0F5046B9DF683EF123 /* Pods_Chat.framework in Frameworks */,
			);
			runOnlyForDeploymentPostprocessing = 0;
		};
/* End PBXFrameworksBuildPhase section */

/* Begin PBXGroup section */
		6272AA1438950B61952AC863 /* Pods */ = {
			isa = PBXGroup;
			children = (
				E2A9B4EA9BEFB83D365D5EAE /* Pods-Chat.debug.xcconfig */,
				C71E1CC169AE460D24F61B18 /* Pods-Chat.release.xcconfig */,
			);
			name = Pods;
			sourceTree = "<group>";
		};
		8DF38C3F5F67113D3CCFCBD6 /* Frameworks */ = {
			isa = PBXGroup;
			children = (
				8CF3A384699FC72D7923A925 /* Pods_Chat.framework */,
			);
			name = Frameworks;
			sourceTree = "<group>";
		};
		E1CD50001E99043C006FB0CE = {
			isa = PBXGroup;
			children = (
				E1CD500B1E99043D006FB0CE /* Chat */,
				E1CD500A1E99043D006FB0CE /* Products */,
				6272AA1438950B61952AC863 /* Pods */,
				8DF38C3F5F67113D3CCFCBD6 /* Frameworks */,
			);
			sourceTree = "<group>";
		};
		E1CD500A1E99043D006FB0CE /* Products */ = {
			isa = PBXGroup;
			children = (
				E1CD50091E99043D006FB0CE /* Chat.app */,
			);
			name = Products;
			sourceTree = "<group>";
		};
		E1CD500B1E99043D006FB0CE /* Chat */ = {
			isa = PBXGroup;
			children = (
				E1CD50221E990BF5006FB0CE /* Supporting */,
				E1CD50271E9916E6006FB0CE /* Model */,
				E1EEE42E1E9A265500BCCD6B /* Controller */,
				E1CD50101E99043D006FB0CE /* Main.storyboard */,
			);
			path = Chat;
			sourceTree = "<group>";
		};
		E1CD50221E990BF5006FB0CE /* Supporting */ = {
			isa = PBXGroup;
			children = (
				E1CD500C1E99043D006FB0CE /* AppDelegate.swift */,
				E1CD50131E99043D006FB0CE /* Assets.xcassets */,
				E1CD50151E99043D006FB0CE /* LaunchScreen.storyboard */,
				E1CD50181E99043D006FB0CE /* Info.plist */,
				E1CD50201E9907DF006FB0CE /* GoogleService-Info.plist */,
			);
			name = Supporting;
			sourceTree = "<group>";
		};
		E1CD50271E9916E6006FB0CE /* Model */ = {
			isa = PBXGroup;
			children = (
				E1E06EAB1E9B860300D4C2B6 /* MSActionSheet.swift */,
				E132DFF41E9A5F4600BD1E14 /* Utils.swift */,
				E1EEE4331E9A2BD900BCCD6B /* Constants.swift */,
				E18A128D1E9AAE7D00FD25AD /* Contact.swift */,
				E132DFF61E9A657200BD1E14 /* AuthManager.swift */,
				E18A128B1E9AA1BF00FD25AD /* DBManager.swift */,
				E1FA86831E9CED4B004BEA67 /* MessagesManager.swift */,
				E15F0A671E9EB89700E19E7C /* MSMessage.swift */,
			);
			name = Model;
			sourceTree = "<group>";
		};
		E1EEE42E1E9A265500BCCD6B /* Controller */ = {
			isa = PBXGroup;
			children = (
				E1EEE42F1E9A268100BCCD6B /* SignInVC.swift */,
				E1EEE4311E9A2B6200BCCD6B /* ContactsVC.swift */,
				E15F0A651E9E7D8300E19E7C /* ContactCell.swift */,
				E1E06EA91E9B75A100D4C2B6 /* ChatVC.swift */,
				E14225661EA27DBC0003257B /* ImageVC.swift */,
				E1FA86851E9D2C0A004BEA67 /* SettingsVC.swift */,
				E15F0A5F1E9E63DB00E19E7C /* ProfileVC.swift */,
			);
			name = Controller;
			sourceTree = "<group>";
		};
/* End PBXGroup section */

/* Begin PBXNativeTarget section */
		E1CD50081E99043D006FB0CE /* Chat */ = {
			isa = PBXNativeTarget;
			buildConfigurationList = E1CD501B1E99043D006FB0CE /* Build configuration list for PBXNativeTarget "Chat" */;
			buildPhases = (
				34C6EE607DB47110B4B860A4 /* [CP] Check Pods Manifest.lock */,
				E1CD50051E99043D006FB0CE /* Sources */,
				E1CD50061E99043D006FB0CE /* Frameworks */,
				E1CD50071E99043D006FB0CE /* Resources */,
				F65C0BF58027370B0D00020F /* [CP] Embed Pods Frameworks */,
				24C6D65EF51296B49E5B1CB4 /* [CP] Copy Pods Resources */,
			);
			buildRules = (
			);
			dependencies = (
			);
			name = Chat;
			productName = Chat;
			productReference = E1CD50091E99043D006FB0CE /* Chat.app */;
			productType = "com.apple.product-type.application";
		};
/* End PBXNativeTarget section */

/* Begin PBXProject section */
		E1CD50011E99043C006FB0CE /* Project object */ = {
			isa = PBXProject;
			attributes = {
				LastSwiftUpdateCheck = 0830;
				LastUpgradeCheck = 0830;
				ORGANIZATIONNAME = "Maor Shams";
				TargetAttributes = {
					E1CD50081E99043D006FB0CE = {
						CreatedOnToolsVersion = 8.3;
						DevelopmentTeam = LE75NS246X;
						LastSwiftMigration = 0830;
						ProvisioningStyle = Automatic;
					};
				};
			};
			buildConfigurationList = E1CD50041E99043C006FB0CE /* Build configuration list for PBXProject "Chat" */;
			compatibilityVersion = "Xcode 3.2";
			developmentRegion = English;
			hasScannedForEncodings = 0;
			knownRegions = (
				en,
				Base,
			);
			mainGroup = E1CD50001E99043C006FB0CE;
			productRefGroup = E1CD500A1E99043D006FB0CE /* Products */;
			projectDirPath = "";
			projectRoot = "";
			targets = (
				E1CD50081E99043D006FB0CE /* Chat */,
			);
		};
/* End PBXProject section */

/* Begin PBXResourcesBuildPhase section */
		E1CD50071E99043D006FB0CE /* Resources */ = {
			isa = PBXResourcesBuildPhase;
			buildActionMask = 2147483647;
			files = (
				E1CD50171E99043D006FB0CE /* LaunchScreen.storyboard in Resources */,
				E1CD50211E9907DF006FB0CE /* GoogleService-Info.plist in Resources */,
				E1CD50141E99043D006FB0CE /* Assets.xcassets in Resources */,
				E1CD50121E99043D006FB0CE /* Main.storyboard in Resources */,
			);
			runOnlyForDeploymentPostprocessing = 0;
		};
/* End PBXResourcesBuildPhase section */

/* Begin PBXShellScriptBuildPhase section */
		24C6D65EF51296B49E5B1CB4 /* [CP] Copy Pods Resources */ = {
			isa = PBXShellScriptBuildPhase;
			buildActionMask = 2147483647;
			files = (
			);
			inputPaths = (
			);
			name = "[CP] Copy Pods Resources";
			outputPaths = (
			);
			runOnlyForDeploymentPostprocessing = 0;
			shellPath = /bin/sh;
			shellScript = "\"${SRCROOT}/Pods/Target Support Files/Pods-Chat/Pods-Chat-resources.sh\"\n";
			showEnvVarsInLog = 0;
		};
		34C6EE607DB47110B4B860A4 /* [CP] Check Pods Manifest.lock */ = {
			isa = PBXShellScriptBuildPhase;
			buildActionMask = 2147483647;
			files = (
			);
			inputPaths = (
			);
			name = "[CP] Check Pods Manifest.lock";
			outputPaths = (
			);
			runOnlyForDeploymentPostprocessing = 0;
			shellPath = /bin/sh;
			shellScript = "diff \"${PODS_ROOT}/../Podfile.lock\" \"${PODS_ROOT}/Manifest.lock\" > /dev/null\nif [ $? != 0 ] ; then\n    # print error to STDERR\n    echo \"error: The sandbox is not in sync with the Podfile.lock. Run 'pod install' or update your CocoaPods installation.\" >&2\n    exit 1\nfi\n";
			showEnvVarsInLog = 0;
		};
		F65C0BF58027370B0D00020F /* [CP] Embed Pods Frameworks */ = {
			isa = PBXShellScriptBuildPhase;
			buildActionMask = 2147483647;
			files = (
			);
			inputPaths = (
			);
			name = "[CP] Embed Pods Frameworks";
			outputPaths = (
			);
			runOnlyForDeploymentPostprocessing = 0;
			shellPath = /bin/sh;
			shellScript = "\"${SRCROOT}/Pods/Target Support Files/Pods-Chat/Pods-Chat-frameworks.sh\"\n";
			showEnvVarsInLog = 0;
		};
/* End PBXShellScriptBuildPhase section */

/* Begin PBXSourcesBuildPhase section */
		E1CD50051E99043D006FB0CE /* Sources */ = {
			isa = PBXSourcesBuildPhase;
			buildActionMask = 2147483647;
			files = (
				E1FA86841E9CED4B004BEA67 /* MessagesManager.swift in Sources */,
				E14225671EA27DBC0003257B /* ImageVC.swift in Sources */,
				E1E06EAA1E9B75A100D4C2B6 /* ChatVC.swift in Sources */,
				E15F0A681E9EB89700E19E7C /* MSMessage.swift in Sources */,
				E1CD500D1E99043D006FB0CE /* AppDelegate.swift in Sources */,
				E132DFF71E9A657200BD1E14 /* AuthManager.swift in Sources */,
				E1E06EAC1E9B860300D4C2B6 /* MSActionSheet.swift in Sources */,
				E1FA86861E9D2C0A004BEA67 /* SettingsVC.swift in Sources */,
				E1EEE4301E9A268100BCCD6B /* SignInVC.swift in Sources */,
				E1EEE4321E9A2B6200BCCD6B /* ContactsVC.swift in Sources */,
				E15F0A601E9E63DB00E19E7C /* ProfileVC.swift in Sources */,
				E18A128E1E9AAE7D00FD25AD /* Contact.swift in Sources */,
				E1EEE4341E9A2BD900BCCD6B /* Constants.swift in Sources */,
				E132DFF51E9A5F4600BD1E14 /* Utils.swift in Sources */,
				E15F0A661E9E7D8300E19E7C /* ContactCell.swift in Sources */,
				E18A128C1E9AA1BF00FD25AD /* DBManager.swift in Sources */,
			);
			runOnlyForDeploymentPostprocessing = 0;
		};
/* End PBXSourcesBuildPhase section */

/* Begin PBXVariantGroup section */
		E1CD50101E99043D006FB0CE /* Main.storyboard */ = {
			isa = PBXVariantGroup;
			children = (
				E1CD50111E99043D006FB0CE /* Base */,
			);
			name = Main.storyboard;
			sourceTree = "<group>";
		};
		E1CD50151E99043D006FB0CE /* LaunchScreen.storyboard */ = {
			isa = PBXVariantGroup;
			children = (
				E1CD50161E99043D006FB0CE /* Base */,
			);
			name = LaunchScreen.storyboard;
			sourceTree = "<group>";
		};
/* End PBXVariantGroup section */

/* Begin XCBuildConfiguration section */
		E1CD50191E99043D006FB0CE /* Debug */ = {
			isa = XCBuildConfiguration;
			buildSettings = {
				ALWAYS_SEARCH_USER_PATHS = NO;
				CLANG_ANALYZER_NONNULL = YES;
				CLANG_ANALYZER_NUMBER_OBJECT_CONVERSION = YES_AGGRESSIVE;
				CLANG_CXX_LANGUAGE_STANDARD = "gnu++0x";
				CLANG_CXX_LIBRARY = "libc++";
				CLANG_ENABLE_MODULES = YES;
				CLANG_ENABLE_OBJC_ARC = YES;
				CLANG_WARN_BOOL_CONVERSION = YES;
				CLANG_WARN_CONSTANT_CONVERSION = YES;
				CLANG_WARN_DIRECT_OBJC_ISA_USAGE = YES_ERROR;
				CLANG_WARN_DOCUMENTATION_COMMENTS = YES;
				CLANG_WARN_EMPTY_BODY = YES;
				CLANG_WARN_ENUM_CONVERSION = YES;
				CLANG_WARN_INFINITE_RECURSION = YES;
				CLANG_WARN_INT_CONVERSION = YES;
				CLANG_WARN_OBJC_ROOT_CLASS = YES_ERROR;
				CLANG_WARN_SUSPICIOUS_MOVE = YES;
				CLANG_WARN_UNREACHABLE_CODE = YES;
				CLANG_WARN__DUPLICATE_METHOD_MATCH = YES;
				"CODE_SIGN_IDENTITY[sdk=iphoneos*]" = "iPhone Developer";
				COPY_PHASE_STRIP = NO;
				DEBUG_INFORMATION_FORMAT = dwarf;
				ENABLE_STRICT_OBJC_MSGSEND = YES;
				ENABLE_TESTABILITY = YES;
				GCC_C_LANGUAGE_STANDARD = gnu99;
				GCC_DYNAMIC_NO_PIC = NO;
				GCC_NO_COMMON_BLOCKS = YES;
				GCC_OPTIMIZATION_LEVEL = 0;
				GCC_PREPROCESSOR_DEFINITIONS = (
					"DEBUG=1",
					"$(inherited)",
				);
				GCC_WARN_64_TO_32_BIT_CONVERSION = YES;
				GCC_WARN_ABOUT_RETURN_TYPE = YES_ERROR;
				GCC_WARN_UNDECLARED_SELECTOR = YES;
				GCC_WARN_UNINITIALIZED_AUTOS = YES_AGGRESSIVE;
				GCC_WARN_UNUSED_FUNCTION = YES;
				GCC_WARN_UNUSED_VARIABLE = YES;
				IPHONEOS_DEPLOYMENT_TARGET = 10.3;
				MTL_ENABLE_DEBUG_INFO = YES;
				ONLY_ACTIVE_ARCH = YES;
				SDKROOT = iphoneos;
				SWIFT_ACTIVE_COMPILATION_CONDITIONS = DEBUG;
				SWIFT_OPTIMIZATION_LEVEL = "-Onone";
				TARGETED_DEVICE_FAMILY = "1,2";
			};
			name = Debug;
		};
		E1CD501A1E99043D006FB0CE /* Release */ = {
			isa = XCBuildConfiguration;
			buildSettings = {
				ALWAYS_SEARCH_USER_PATHS = NO;
				CLANG_ANALYZER_NONNULL = YES;
				CLANG_ANALYZER_NUMBER_OBJECT_CONVERSION = YES_AGGRESSIVE;
				CLANG_CXX_LANGUAGE_STANDARD = "gnu++0x";
				CLANG_CXX_LIBRARY = "libc++";
				CLANG_ENABLE_MODULES = YES;
				CLANG_ENABLE_OBJC_ARC = YES;
				CLANG_WARN_BOOL_CONVERSION = YES;
				CLANG_WARN_CONSTANT_CONVERSION = YES;
				CLANG_WARN_DIRECT_OBJC_ISA_USAGE = YES_ERROR;
				CLANG_WARN_DOCUMENTATION_COMMENTS = YES;
				CLANG_WARN_EMPTY_BODY = YES;
				CLANG_WARN_ENUM_CONVERSION = YES;
				CLANG_WARN_INFINITE_RECURSION = YES;
				CLANG_WARN_INT_CONVERSION = YES;
				CLANG_WARN_OBJC_ROOT_CLASS = YES_ERROR;
				CLANG_WARN_SUSPICIOUS_MOVE = YES;
				CLANG_WARN_UNREACHABLE_CODE = YES;
				CLANG_WARN__DUPLICATE_METHOD_MATCH = YES;
				"CODE_SIGN_IDENTITY[sdk=iphoneos*]" = "iPhone Developer";
				COPY_PHASE_STRIP = NO;
				DEBUG_INFORMATION_FORMAT = "dwarf-with-dsym";
				ENABLE_NS_ASSERTIONS = NO;
				ENABLE_STRICT_OBJC_MSGSEND = YES;
				GCC_C_LANGUAGE_STANDARD = gnu99;
				GCC_NO_COMMON_BLOCKS = YES;
				GCC_WARN_64_TO_32_BIT_CONVERSION = YES;
				GCC_WARN_ABOUT_RETURN_TYPE = YES_ERROR;
				GCC_WARN_UNDECLARED_SELECTOR = YES;
				GCC_WARN_UNINITIALIZED_AUTOS = YES_AGGRESSIVE;
				GCC_WARN_UNUSED_FUNCTION = YES;
				GCC_WARN_UNUSED_VARIABLE = YES;
				IPHONEOS_DEPLOYMENT_TARGET = 10.3;
				MTL_ENABLE_DEBUG_INFO = NO;
				SDKROOT = iphoneos;
				SWIFT_OPTIMIZATION_LEVEL = "-Owholemodule";
				TARGETED_DEVICE_FAMILY = "1,2";
				VALIDATE_PRODUCT = YES;
			};
			name = Release;
		};
		E1CD501C1E99043D006FB0CE /* Debug */ = {
			isa = XCBuildConfiguration;
			baseConfigurationReference = E2A9B4EA9BEFB83D365D5EAE /* Pods-Chat.debug.xcconfig */;
			buildSettings = {
				ASSETCATALOG_COMPILER_APPICON_NAME = AppIcon;
				CLANG_ENABLE_MODULES = YES;
				DEVELOPMENT_TEAM = LE75NS246X;
				INFOPLIST_FILE = Chat/Info.plist;
				IPHONEOS_DEPLOYMENT_TARGET = 10.2;
				LD_RUNPATH_SEARCH_PATHS = "$(inherited) @executable_path/Frameworks";
				PRODUCT_BUNDLE_IDENTIFIER = shams.maor.Chat;
				PRODUCT_NAME = "$(TARGET_NAME)";
				SWIFT_OPTIMIZATION_LEVEL = "-Onone";
				SWIFT_VERSION = 3.0;
			};
			name = Debug;
		};
		E1CD501D1E99043D006FB0CE /* Release */ = {
			isa = XCBuildConfiguration;
			baseConfigurationReference = C71E1CC169AE460D24F61B18 /* Pods-Chat.release.xcconfig */;
			buildSettings = {
				ASSETCATALOG_COMPILER_APPICON_NAME = AppIcon;
				CLANG_ENABLE_MODULES = YES;
				DEVELOPMENT_TEAM = LE75NS246X;
				INFOPLIST_FILE = Chat/Info.plist;
				IPHONEOS_DEPLOYMENT_TARGET = 10.2;
				LD_RUNPATH_SEARCH_PATHS = "$(inherited) @executable_path/Frameworks";
				PRODUCT_BUNDLE_IDENTIFIER = shams.maor.Chat;
				PRODUCT_NAME = "$(TARGET_NAME)";
				SWIFT_VERSION = 3.0;
			};
			name = Release;
		};
/* End XCBuildConfiguration section */

/* Begin XCConfigurationList section */
		E1CD50041E99043C006FB0CE /* Build configuration list for PBXProject "Chat" */ = {
			isa = XCConfigurationList;
			buildConfigurations = (
				E1CD50191E99043D006FB0CE /* Debug */,
				E1CD501A1E99043D006FB0CE /* Release */,
			);
			defaultConfigurationIsVisible = 0;
			defaultConfigurationName = Release;
		};
		E1CD501B1E99043D006FB0CE /* Build configuration list for PBXNativeTarget "Chat" */ = {
			isa = XCConfigurationList;
			buildConfigurations = (
				E1CD501C1E99043D006FB0CE /* Debug */,
				E1CD501D1E99043D006FB0CE /* Release */,
			);
			defaultConfigurationIsVisible = 0;
			defaultConfigurationName = Release;
		};
/* End XCConfigurationList section */
	};
	rootObject = E1CD50011E99043C006FB0CE /* Project object */;
}
